// !$*UTF8*$!
{
	archiveVersion = 1;
	classes = {
	};
	objectVersion = 48;
	objects = {

/* Begin PBXBuildFile section */
		C709572C206ABE1400B9C61C /* AppDelegate.swift in Sources */ = {isa = PBXBuildFile; fileRef = C709572B206ABE1400B9C61C /* AppDelegate.swift */; };
		C709572E206ABE1400B9C61C /* ViewController.swift in Sources */ = {isa = PBXBuildFile; fileRef = C709572D206ABE1400B9C61C /* ViewController.swift */; };
		C7095731206ABE1400B9C61C /* Main.storyboard in Resources */ = {isa = PBXBuildFile; fileRef = C709572F206ABE1400B9C61C /* Main.storyboard */; };
		C7095733206ABE1400B9C61C /* Assets.xcassets in Resources */ = {isa = PBXBuildFile; fileRef = C7095732206ABE1400B9C61C /* Assets.xcassets */; };
		C7095736206ABE1400B9C61C /* LaunchScreen.storyboard in Resources */ = {isa = PBXBuildFile; fileRef = C7095734206ABE1400B9C61C /* LaunchScreen.storyboard */; };
		C7095741206ABE1400B9C61C /* MyFirstNeuralNetworkAppTests.swift in Sources */ = {isa = PBXBuildFile; fileRef = C7095740206ABE1400B9C61C /* MyFirstNeuralNetworkAppTests.swift */; };
		C709574C206ABE7B00B9C61C /* SqueezeNet.mlmodel in Sources */ = {isa = PBXBuildFile; fileRef = C709574B206ABE7B00B9C61C /* SqueezeNet.mlmodel */; };
		C709574E206AD0C900B9C61C /* VideoCapture.swift in Sources */ = {isa = PBXBuildFile; fileRef = C709574D206AD0C900B9C61C /* VideoCapture.swift */; };
		C77B212F206BA15E00107730 /* FrameExtractor.swift in Sources */ = {isa = PBXBuildFile; fileRef = C77B212E206BA15E00107730 /* FrameExtractor.swift */; };
		C77B2135206CBB4A00107730 /* is_receipt_googleNet.mlmodel in Sources */ = {isa = PBXBuildFile; fileRef = C77B2134206CBB4A00107730 /* is_receipt_googleNet.mlmodel */; };
/* End PBXBuildFile section */

/* Begin PBXContainerItemProxy section */
		C709573D206ABE1400B9C61C /* PBXContainerItemProxy */ = {
			isa = PBXContainerItemProxy;
			containerPortal = C7095720206ABE1400B9C61C /* Project object */;
			proxyType = 1;
			remoteGlobalIDString = C7095727206ABE1400B9C61C;
			remoteInfo = MyFirstNeuralNetworkApp;
		};
/* End PBXContainerItemProxy section */

/* Begin PBXFileReference section */
		C7095728206ABE1400B9C61C /* MyFirstNeuralNetworkApp.app */ = {isa = PBXFileReference; explicitFileType = wrapper.application; includeInIndex = 0; path = MyFirstNeuralNetworkApp.app; sourceTree = BUILT_PRODUCTS_DIR; };
		C709572B206ABE1400B9C61C /* AppDelegate.swift */ = {isa = PBXFileReference; lastKnownFileType = sourcecode.swift; path = AppDelegate.swift; sourceTree = "<group>"; };
		C709572D206ABE1400B9C61C /* ViewController.swift */ = {isa = PBXFileReference; lastKnownFileType = sourcecode.swift; path = ViewController.swift; sourceTree = "<group>"; };
		C7095730206ABE1400B9C61C /* Base */ = {isa = PBXFileReference; lastKnownFileType = file.storyboard; name = Base; path = Base.lproj/Main.storyboard; sourceTree = "<group>"; };
		C7095732206ABE1400B9C61C /* Assets.xcassets */ = {isa = PBXFileReference; lastKnownFileType = folder.assetcatalog; path = Assets.xcassets; sourceTree = "<group>"; };
		C7095735206ABE1400B9C61C /* Base */ = {isa = PBXFileReference; lastKnownFileType = file.storyboard; name = Base; path = Base.lproj/LaunchScreen.storyboard; sourceTree = "<group>"; };
		C7095737206ABE1400B9C61C /* Info.plist */ = {isa = PBXFileReference; lastKnownFileType = text.plist.xml; path = Info.plist; sourceTree = "<group>"; };
		C709573C206ABE1400B9C61C /* MyFirstNeuralNetworkAppTests.xctest */ = {isa = PBXFileReference; explicitFileType = wrapper.cfbundle; includeInIndex = 0; path = MyFirstNeuralNetworkAppTests.xctest; sourceTree = BUILT_PRODUCTS_DIR; };
		C7095740206ABE1400B9C61C /* MyFirstNeuralNetworkAppTests.swift */ = {isa = PBXFileReference; lastKnownFileType = sourcecode.swift; path = MyFirstNeuralNetworkAppTests.swift; sourceTree = "<group>"; };
		C7095742206ABE1400B9C61C /* Info.plist */ = {isa = PBXFileReference; lastKnownFileType = text.plist.xml; path = Info.plist; sourceTree = "<group>"; };
		C709574B206ABE7B00B9C61C /* SqueezeNet.mlmodel */ = {isa = PBXFileReference; lastKnownFileType = file.mlmodel; path = SqueezeNet.mlmodel; sourceTree = "<group>"; };
		C709574D206AD0C900B9C61C /* VideoCapture.swift */ = {isa = PBXFileReference; lastKnownFileType = sourcecode.swift; path = VideoCapture.swift; sourceTree = "<group>"; };
		C77B212E206BA15E00107730 /* FrameExtractor.swift */ = {isa = PBXFileReference; lastKnownFileType = sourcecode.swift; path = FrameExtractor.swift; sourceTree = "<group>"; };
		C77B2134206CBB4A00107730 /* is_receipt_googleNet.mlmodel */ = {isa = PBXFileReference; lastKnownFileType = file.mlmodel; path = is_receipt_googleNet.mlmodel; sourceTree = "<group>"; };
/* End PBXFileReference section */

/* Begin PBXFrameworksBuildPhase section */
		C7095725206ABE1400B9C61C /* Frameworks */ = {
			isa = PBXFrameworksBuildPhase;
			buildActionMask = 2147483647;
			files = (
			);
			runOnlyForDeploymentPostprocessing = 0;
		};
		C7095739206ABE1400B9C61C /* Frameworks */ = {
			isa = PBXFrameworksBuildPhase;
			buildActionMask = 2147483647;
			files = (
			);
			runOnlyForDeploymentPostprocessing = 0;
		};
/* End PBXFrameworksBuildPhase section */

/* Begin PBXGroup section */
		C709571F206ABE1400B9C61C = {
			isa = PBXGroup;
			children = (
				C709572A206ABE1400B9C61C /* MyFirstNeuralNetworkApp */,
				C709573F206ABE1400B9C61C /* MyFirstNeuralNetworkAppTests */,
				C7095729206ABE1400B9C61C /* Products */,
			);
			sourceTree = "<group>";
		};
		C7095729206ABE1400B9C61C /* Products */ = {
			isa = PBXGroup;
			children = (
				C7095728206ABE1400B9C61C /* MyFirstNeuralNetworkApp.app */,
				C709573C206ABE1400B9C61C /* MyFirstNeuralNetworkAppTests.xctest */,
			);
			name = Products;
			sourceTree = "<group>";
		};
		C709572A206ABE1400B9C61C /* MyFirstNeuralNetworkApp */ = {
			isa = PBXGroup;
			children = (
				C77B2134206CBB4A00107730 /* is_receipt_googleNet.mlmodel */,
				C709572B206ABE1400B9C61C /* AppDelegate.swift */,
				C709572D206ABE1400B9C61C /* ViewController.swift */,
				C709572F206ABE1400B9C61C /* Main.storyboard */,
				C7095732206ABE1400B9C61C /* Assets.xcassets */,
				C7095734206ABE1400B9C61C /* LaunchScreen.storyboard */,
				C709574B206ABE7B00B9C61C /* SqueezeNet.mlmodel */,
				C7095737206ABE1400B9C61C /* Info.plist */,
				C709574D206AD0C900B9C61C /* VideoCapture.swift */,
				C77B212E206BA15E00107730 /* FrameExtractor.swift */,
			);
			path = MyFirstNeuralNetworkApp;
			sourceTree = "<group>";
		};
		C709573F206ABE1400B9C61C /* MyFirstNeuralNetworkAppTests */ = {
			isa = PBXGroup;
			children = (
				C7095740206ABE1400B9C61C /* MyFirstNeuralNetworkAppTests.swift */,
				C7095742206ABE1400B9C61C /* Info.plist */,
			);
			path = MyFirstNeuralNetworkAppTests;
			sourceTree = "<group>";
		};
/* End PBXGroup section */

/* Begin PBXNativeTarget section */
		C7095727206ABE1400B9C61C /* MyFirstNeuralNetworkApp */ = {
			isa = PBXNativeTarget;
			buildConfigurationList = C7095745206ABE1400B9C61C /* Build configuration list for PBXNativeTarget "MyFirstNeuralNetworkApp" */;
			buildPhases = (
				C7095724206ABE1400B9C61C /* Sources */,
				C7095725206ABE1400B9C61C /* Frameworks */,
				C7095726206ABE1400B9C61C /* Resources */,
			);
			buildRules = (
			);
			dependencies = (
			);
			name = MyFirstNeuralNetworkApp;
			productName = MyFirstNeuralNetworkApp;
			productReference = C7095728206ABE1400B9C61C /* MyFirstNeuralNetworkApp.app */;
			productType = "com.apple.product-type.application";
		};
		C709573B206ABE1400B9C61C /* MyFirstNeuralNetworkAppTests */ = {
			isa = PBXNativeTarget;
			buildConfigurationList = C7095748206ABE1400B9C61C /* Build configuration list for PBXNativeTarget "MyFirstNeuralNetworkAppTests" */;
			buildPhases = (
				C7095738206ABE1400B9C61C /* Sources */,
				C7095739206ABE1400B9C61C /* Frameworks */,
				C709573A206ABE1400B9C61C /* Resources */,
			);
			buildRules = (
			);
			dependencies = (
				C709573E206ABE1400B9C61C /* PBXTargetDependency */,
			);
			name = MyFirstNeuralNetworkAppTests;
			productName = MyFirstNeuralNetworkAppTests;
			productReference = C709573C206ABE1400B9C61C /* MyFirstNeuralNetworkAppTests.xctest */;
			productType = "com.apple.product-type.bundle.unit-test";
		};
/* End PBXNativeTarget section */

/* Begin PBXProject section */
		C7095720206ABE1400B9C61C /* Project object */ = {
			isa = PBXProject;
			attributes = {
				LastSwiftUpdateCheck = 0920;
				LastUpgradeCheck = 0920;
				ORGANIZATIONNAME = "Olga Maslova";
				TargetAttributes = {
					C7095727206ABE1400B9C61C = {
						CreatedOnToolsVersion = 9.2;
						ProvisioningStyle = Automatic;
					};
					C709573B206ABE1400B9C61C = {
						CreatedOnToolsVersion = 9.2;
						ProvisioningStyle = Automatic;
						TestTargetID = C7095727206ABE1400B9C61C;
					};
				};
			};
			buildConfigurationList = C7095723206ABE1400B9C61C /* Build configuration list for PBXProject "MyFirstNeuralNetworkApp" */;
			compatibilityVersion = "Xcode 8.0";
			developmentRegion = en;
			hasScannedForEncodings = 0;
			knownRegions = (
				en,
				Base,
			);
			mainGroup = C709571F206ABE1400B9C61C;
			productRefGroup = C7095729206ABE1400B9C61C /* Products */;
			projectDirPath = "";
			projectRoot = "";
			targets = (
				C7095727206ABE1400B9C61C /* MyFirstNeuralNetworkApp */,
				C709573B206ABE1400B9C61C /* MyFirstNeuralNetworkAppTests */,
			);
		};
/* End PBXProject section */

/* Begin PBXResourcesBuildPhase section */
		C7095726206ABE1400B9C61C /* Resources */ = {
			isa = PBXResourcesBuildPhase;
			buildActionMask = 2147483647;
			files = (
				C7095736206ABE1400B9C61C /* LaunchScreen.storyboard in Resources */,
				C7095733206ABE1400B9C61C /* Assets.xcassets in Resources */,
				C7095731206ABE1400B9C61C /* Main.storyboard in Resources */,
			);
			runOnlyForDeploymentPostprocessing = 0;
		};
		C709573A206ABE1400B9C61C /* Resources */ = {
			isa = PBXResourcesBuildPhase;
			buildActionMask = 2147483647;
			files = (
			);
			runOnlyForDeploymentPostprocessing = 0;
		};
/* End PBXResourcesBuildPhase section */

/* Begin PBXSourcesBuildPhase section */
		C7095724206ABE1400B9C61C /* Sources */ = {
			isa = PBXSourcesBuildPhase;
			buildActionMask = 2147483647;
			files = (
				C77B212F206BA15E00107730 /* FrameExtractor.swift in Sources */,
				C709574E206AD0C900B9C61C /* VideoCapture.swift in Sources */,
				C709572E206ABE1400B9C61C /* ViewController.swift in Sources */,
				C709574C206ABE7B00B9C61C /* SqueezeNet.mlmodel in Sources */,
				C709572C206ABE1400B9C61C /* AppDelegate.swift in Sources */,
				C77B2135206CBB4A00107730 /* is_receipt_googleNet.mlmodel in Sources */,
			);
			runOnlyForDeploymentPostprocessing = 0;
		};
		C7095738206ABE1400B9C61C /* Sources */ = {
			isa = PBXSourcesBuildPhase;
			buildActionMask = 2147483647;
			files = (
				C7095741206ABE1400B9C61C /* MyFirstNeuralNetworkAppTests.swift in Sources */,
			);
			runOnlyForDeploymentPostprocessing = 0;
		};
/* End PBXSourcesBuildPhase section */

/* Begin PBXTargetDependency section */
		C709573E206ABE1400B9C61C /* PBXTargetDependency */ = {
			isa = PBXTargetDependency;
			target = C7095727206ABE1400B9C61C /* MyFirstNeuralNetworkApp */;
			targetProxy = C709573D206ABE1400B9C61C /* PBXContainerItemProxy */;
		};
/* End PBXTargetDependency section */

/* Begin PBXVariantGroup section */
		C709572F206ABE1400B9C61C /* Main.storyboard */ = {
			isa = PBXVariantGroup;
			children = (
				C7095730206ABE1400B9C61C /* Base */,
			);
			name = Main.storyboard;
			sourceTree = "<group>";
		};
		C7095734206ABE1400B9C61C /* LaunchScreen.storyboard */ = {
			isa = PBXVariantGroup;
			children = (
				C7095735206ABE1400B9C61C /* Base */,
			);
			name = LaunchScreen.storyboard;
			sourceTree = "<group>";
		};
/* End PBXVariantGroup section */

/* Begin XCBuildConfiguration section */
		C7095743206ABE1400B9C61C /* Debug */ = {
			isa = XCBuildConfiguration;
			buildSettings = {
				ALWAYS_SEARCH_USER_PATHS = NO;
				CLANG_ANALYZER_NONNULL = YES;
				CLANG_ANALYZER_NUMBER_OBJECT_CONVERSION = YES_AGGRESSIVE;
				CLANG_CXX_LANGUAGE_STANDARD = "gnu++14";
				CLANG_CXX_LIBRARY = "libc++";
				CLANG_ENABLE_MODULES = YES;
				CLANG_ENABLE_OBJC_ARC = YES;
				CLANG_WARN_BLOCK_CAPTURE_AUTORELEASING = YES;
				CLANG_WARN_BOOL_CONVERSION = YES;
				CLANG_WARN_COMMA = YES;
				CLANG_WARN_CONSTANT_CONVERSION = YES;
				CLANG_WARN_DIRECT_OBJC_ISA_USAGE = YES_ERROR;
				CLANG_WARN_DOCUMENTATION_COMMENTS = YES;
				CLANG_WARN_EMPTY_BODY = YES;
				CLANG_WARN_ENUM_CONVERSION = YES;
				CLANG_WARN_INFINITE_RECURSION = YES;
				CLANG_WARN_INT_CONVERSION = YES;
				CLANG_WARN_NON_LITERAL_NULL_CONVERSION = YES;
				CLANG_WARN_OBJC_LITERAL_CONVERSION = YES;
				CLANG_WARN_OBJC_ROOT_CLASS = YES_ERROR;
				CLANG_WARN_RANGE_LOOP_ANALYSIS = YES;
				CLANG_WARN_STRICT_PROTOTYPES = YES;
				CLANG_WARN_SUSPICIOUS_MOVE = YES;
				CLANG_WARN_UNGUARDED_AVAILABILITY = YES_AGGRESSIVE;
				CLANG_WARN_UNREACHABLE_CODE = YES;
				CLANG_WARN__DUPLICATE_METHOD_MATCH = YES;
				CODE_SIGN_IDENTITY = "iPhone Developer";
				COPY_PHASE_STRIP = NO;
				DEBUG_INFORMATION_FORMAT = dwarf;
				ENABLE_STRICT_OBJC_MSGSEND = YES;
				ENABLE_TESTABILITY = YES;
				GCC_C_LANGUAGE_STANDARD = gnu11;
				GCC_DYNAMIC_NO_PIC = NO;
				GCC_NO_COMMON_BLOCKS = YES;
				GCC_OPTIMIZATION_LEVEL = 0;
				GCC_PREPROCESSOR_DEFINITIONS = (
					"DEBUG=1",
					"$(inherited)",
				);
				GCC_WARN_64_TO_32_BIT_CONVERSION = YES;
				GCC_WARN_ABOUT_RETURN_TYPE = YES_ERROR;
				GCC_WARN_UNDECLARED_SELECTOR = YES;
				GCC_WARN_UNINITIALIZED_AUTOS = YES_AGGRESSIVE;
				GCC_WARN_UNUSED_FUNCTION = YES;
				GCC_WARN_UNUSED_VARIABLE = YES;
				IPHONEOS_DEPLOYMENT_TARGET = 11.2;
				MTL_ENABLE_DEBUG_INFO = YES;
				ONLY_ACTIVE_ARCH = YES;
				SDKROOT = iphoneos;
				SWIFT_ACTIVE_COMPILATION_CONDITIONS = DEBUG;
				SWIFT_OPTIMIZATION_LEVEL = "-Onone";
			};
			name = Debug;
		};
		C7095744206ABE1400B9C61C /* Release */ = {
			isa = XCBuildConfiguration;
			buildSettings = {
				ALWAYS_SEARCH_USER_PATHS = NO;
				CLANG_ANALYZER_NONNULL = YES;
				CLANG_ANALYZER_NUMBER_OBJECT_CONVERSION = YES_AGGRESSIVE;
				CLANG_CXX_LANGUAGE_STANDARD = "gnu++14";
				CLANG_CXX_LIBRARY = "libc++";
				CLANG_ENABLE_MODULES = YES;
				CLANG_ENABLE_OBJC_ARC = YES;
				CLANG_WARN_BLOCK_CAPTURE_AUTORELEASING = YES;
				CLANG_WARN_BOOL_CONVERSION = YES;
				CLANG_WARN_COMMA = YES;
				CLANG_WARN_CONSTANT_CONVERSION = YES;
				CLANG_WARN_DIRECT_OBJC_ISA_USAGE = YES_ERROR;
				CLANG_WARN_DOCUMENTATION_COMMENTS = YES;
				CLANG_WARN_EMPTY_BODY = YES;
				CLANG_WARN_ENUM_CONVERSION = YES;
				CLANG_WARN_INFINITE_RECURSION = YES;
				CLANG_WARN_INT_CONVERSION = YES;
				CLANG_WARN_NON_LITERAL_NULL_CONVERSION = YES;
				CLANG_WARN_OBJC_LITERAL_CONVERSION = YES;
				CLANG_WARN_OBJC_ROOT_CLASS = YES_ERROR;
				CLANG_WARN_RANGE_LOOP_ANALYSIS = YES;
				CLANG_WARN_STRICT_PROTOTYPES = YES;
				CLANG_WARN_SUSPICIOUS_MOVE = YES;
				CLANG_WARN_UNGUARDED_AVAILABILITY = YES_AGGRESSIVE;
				CLANG_WARN_UNREACHABLE_CODE = YES;
				CLANG_WARN__DUPLICATE_METHOD_MATCH = YES;
				CODE_SIGN_IDENTITY = "iPhone Developer";
				COPY_PHASE_STRIP = NO;
				DEBUG_INFORMATION_FORMAT = "dwarf-with-dsym";
				ENABLE_NS_ASSERTIONS = NO;
				ENABLE_STRICT_OBJC_MSGSEND = YES;
				GCC_C_LANGUAGE_STANDARD = gnu11;
				GCC_NO_COMMON_BLOCKS = YES;
				GCC_WARN_64_TO_32_BIT_CONVERSION = YES;
				GCC_WARN_ABOUT_RETURN_TYPE = YES_ERROR;
				GCC_WARN_UNDECLARED_SELECTOR = YES;
				GCC_WARN_UNINITIALIZED_AUTOS = YES_AGGRESSIVE;
				GCC_WARN_UNUSED_FUNCTION = YES;
				GCC_WARN_UNUSED_VARIABLE = YES;
				IPHONEOS_DEPLOYMENT_TARGET = 11.2;
				MTL_ENABLE_DEBUG_INFO = NO;
				SDKROOT = iphoneos;
				SWIFT_OPTIMIZATION_LEVEL = "-Owholemodule";
				VALIDATE_PRODUCT = YES;
			};
			name = Release;
		};
		C7095746206ABE1400B9C61C /* Debug */ = {
			isa = XCBuildConfiguration;
			buildSettings = {
				ASSETCATALOG_COMPILER_APPICON_NAME = AppIcon;
				CODE_SIGN_STYLE = Automatic;
				DEVELOPMENT_TEAM = 5TMB877576;
				INFOPLIST_FILE = MyFirstNeuralNetworkApp/Info.plist;
				LD_RUNPATH_SEARCH_PATHS = "$(inherited) @executable_path/Frameworks";
				PRODUCT_BUNDLE_IDENTIFIER = "com.olga-maslova.MyFirstNeuralNetworkApp";
				PRODUCT_NAME = "$(TARGET_NAME)";
				SWIFT_VERSION = 4.0;
				TARGETED_DEVICE_FAMILY = "1,2";
			};
			name = Debug;
		};
		C7095747206ABE1400B9C61C /* Release */ = {
			isa = XCBuildConfiguration;
			buildSettings = {
				ASSETCATALOG_COMPILER_APPICON_NAME = AppIcon;
				CODE_SIGN_STYLE = Automatic;
				DEVELOPMENT_TEAM = 5TMB877576;
				INFOPLIST_FILE = MyFirstNeuralNetworkApp/Info.plist;
				LD_RUNPATH_SEARCH_PATHS = "$(inherited) @executable_path/Frameworks";
				PRODUCT_BUNDLE_IDENTIFIER = "com.olga-maslova.MyFirstNeuralNetworkApp";
				PRODUCT_NAME = "$(TARGET_NAME)";
				SWIFT_VERSION = 4.0;
				TARGETED_DEVICE_FAMILY = "1,2";
			};
			name = Release;
		};
		C7095749206ABE1400B9C61C /* Debug */ = {
			isa = XCBuildConfiguration;
			buildSettings = {
				ALWAYS_EMBED_SWIFT_STANDARD_LIBRARIES = YES;
				BUNDLE_LOADER = "$(TEST_HOST)";
				CODE_SIGN_STYLE = Automatic;
				DEVELOPMENT_TEAM = 7KJ9S9Z77F;
				INFOPLIST_FILE = MyFirstNeuralNetworkAppTests/Info.plist;
				LD_RUNPATH_SEARCH_PATHS = "$(inherited) @executable_path/Frameworks @loader_path/Frameworks";
				PRODUCT_BUNDLE_IDENTIFIER = "Olga-Maslova.MyFirstNeuralNetworkAppTests";
				PRODUCT_NAME = "$(TARGET_NAME)";
				SWIFT_VERSION = 4.0;
				TARGETED_DEVICE_FAMILY = "1,2";
				TEST_HOST = "$(BUILT_PRODUCTS_DIR)/MyFirstNeuralNetworkApp.app/MyFirstNeuralNetworkApp";
			};
			name = Debug;
		};
		C709574A206ABE1400B9C61C /* Release */ = {
			isa = XCBuildConfiguration;
			buildSettings = {
				ALWAYS_EMBED_SWIFT_STANDARD_LIBRARIES = YES;
				BUNDLE_LOADER = "$(TEST_HOST)";
				CODE_SIGN_STYLE = Automatic;
				DEVELOPMENT_TEAM = 7KJ9S9Z77F;
				INFOPLIST_FILE = MyFirstNeuralNetworkAppTests/Info.plist;
				LD_RUNPATH_SEARCH_PATHS = "$(inherited) @executable_path/Frameworks @loader_path/Frameworks";
				PRODUCT_BUNDLE_IDENTIFIER = "Olga-Maslova.MyFirstNeuralNetworkAppTests";
				PRODUCT_NAME = "$(TARGET_NAME)";
				SWIFT_VERSION = 4.0;
				TARGETED_DEVICE_FAMILY = "1,2";
				TEST_HOST = "$(BUILT_PRODUCTS_DIR)/MyFirstNeuralNetworkApp.app/MyFirstNeuralNetworkApp";
			};
			name = Release;
		};
/* End XCBuildConfiguration section */

/* Begin XCConfigurationList section */
		C7095723206ABE1400B9C61C /* Build configuration list for PBXProject "MyFirstNeuralNetworkApp" */ = {
			isa = XCConfigurationList;
			buildConfigurations = (
				C7095743206ABE1400B9C61C /* Debug */,
				C7095744206ABE1400B9C61C /* Release */,
			);
			defaultConfigurationIsVisible = 0;
			defaultConfigurationName = Release;
		};
		C7095745206ABE1400B9C61C /* Build configuration list for PBXNativeTarget "MyFirstNeuralNetworkApp" */ = {
			isa = XCConfigurationList;
			buildConfigurations = (
				C7095746206ABE1400B9C61C /* Debug */,
				C7095747206ABE1400B9C61C /* Release */,
			);
			defaultConfigurationIsVisible = 0;
			defaultConfigurationName = Release;
		};
		C7095748206ABE1400B9C61C /* Build configuration list for PBXNativeTarget "MyFirstNeuralNetworkAppTests" */ = {
			isa = XCConfigurationList;
			buildConfigurations = (
				C7095749206ABE1400B9C61C /* Debug */,
				C709574A206ABE1400B9C61C /* Release */,
			);
			defaultConfigurationIsVisible = 0;
			defaultConfigurationName = Release;
		};
/* End XCConfigurationList section */
	};
	rootObject = C7095720206ABE1400B9C61C /* Project object */;
}
